
Microsoft Visual Studio Solution File, Format Version 12.00
# Visual Studio Version 16
VisualStudioVersion = 16.0.29519.87
MinimumVisualStudioVersion = 10.0.40219.1
Project("{FAE04EC0-301F-11D3-BF4B-00C04F79EFBC}") = "ButtonTemplate", "ButtonTemplate\ButtonTemplate.csproj", "{1E421742-791A-4FDB-8E66-FEF1B504A42A}"
EndProject
Global
	GlobalSection(SolutionConfigurationPlatforms) = preSolution
		Debug|Any CPU = Debug|Any CPU
		Release|Any CPU = Release|Any CPU
	EndGlobalSection
	GlobalSection(ProjectConfigurationPlatforms) = postSolution
		{1E421742-791A-4FDB-8E66-FEF1B504A42A}.Debug|Any CPU.ActiveCfg = Debug|Any CPU
		{1E421742-791A-4FDB-8E66-FEF1B504A42A}.Debug|Any CPU.Build.0 = Debug|Any CPU
		{1E421742-791A-4FDB-8E66-FEF1B504A42A}.Release|Any CPU.ActiveCfg = Release|Any CPU
		{1E421742-791A-4FDB-8E66-FEF1B504A42A}.Release|Any CPU.Build.0 = Release|Any CPU
	EndGlobalSection
	GlobalSection(SolutionProperties) = preSolution
		HideSolutionNode = FALSE
	EndGlobalSection
	GlobalSection(ExtensibilityGlobals) = postSolution
		SolutionGuid = {4E2E3E26-E8D7-4717-A177-7A50B0897C2B}
	EndGlobalSection
EndGlobal
